// !$*UTF8*$!
{
	archiveVersion = 1;
	classes = {
	};
	objectVersion = 50;
	objects = {

/* Begin PBXBuildFile section */
		A70AAF6222A8D7F2009ADD6E /* AppDelegate.swift in Sources */ = {isa = PBXBuildFile; fileRef = A70AAF6122A8D7F2009ADD6E /* AppDelegate.swift */; };
		A70AAF6422A8D7F2009ADD6E /* ViewController.swift in Sources */ = {isa = PBXBuildFile; fileRef = A70AAF6322A8D7F2009ADD6E /* ViewController.swift */; };
		A70AAF6722A8D7F2009ADD6E /* Main.storyboard in Resources */ = {isa = PBXBuildFile; fileRef = A70AAF6522A8D7F2009ADD6E /* Main.storyboard */; };
		A70AAF6922A8D7F3009ADD6E /* Assets.xcassets in Resources */ = {isa = PBXBuildFile; fileRef = A70AAF6822A8D7F3009ADD6E /* Assets.xcassets */; };
		A70AAF6C22A8D7F3009ADD6E /* LaunchScreen.storyboard in Resources */ = {isa = PBXBuildFile; fileRef = A70AAF6A22A8D7F3009ADD6E /* LaunchScreen.storyboard */; };
		A70AAF7722A8D7F4009ADD6E /* iOS_CalculatorTests.swift in Sources */ = {isa = PBXBuildFile; fileRef = A70AAF7622A8D7F4009ADD6E /* iOS_CalculatorTests.swift */; };
/* End PBXBuildFile section */

/* Begin PBXContainerItemProxy section */
		A70AAF7322A8D7F4009ADD6E /* PBXContainerItemProxy */ = {
			isa = PBXContainerItemProxy;
			containerPortal = A70AAF5622A8D7F2009ADD6E /* Project object */;
			proxyType = 1;
			remoteGlobalIDString = A70AAF5D22A8D7F2009ADD6E;
			remoteInfo = "iOS-Calculator";
		};
/* End PBXContainerItemProxy section */

/* Begin PBXFileReference section */
		A70AAF5E22A8D7F2009ADD6E /* iOS-Calculator.app */ = {isa = PBXFileReference; explicitFileType = wrapper.application; includeInIndex = 0; path = "iOS-Calculator.app"; sourceTree = BUILT_PRODUCTS_DIR; };
		A70AAF6122A8D7F2009ADD6E /* AppDelegate.swift */ = {isa = PBXFileReference; lastKnownFileType = sourcecode.swift; path = AppDelegate.swift; sourceTree = "<group>"; };
		A70AAF6322A8D7F2009ADD6E /* ViewController.swift */ = {isa = PBXFileReference; lastKnownFileType = sourcecode.swift; path = ViewController.swift; sourceTree = "<group>"; };
		A70AAF6622A8D7F2009ADD6E /* Base */ = {isa = PBXFileReference; lastKnownFileType = file.storyboard; name = Base; path = Base.lproj/Main.storyboard; sourceTree = "<group>"; };
		A70AAF6822A8D7F3009ADD6E /* Assets.xcassets */ = {isa = PBXFileReference; lastKnownFileType = folder.assetcatalog; path = Assets.xcassets; sourceTree = "<group>"; };
		A70AAF6B22A8D7F3009ADD6E /* Base */ = {isa = PBXFileReference; lastKnownFileType = file.storyboard; name = Base; path = Base.lproj/LaunchScreen.storyboard; sourceTree = "<group>"; };
		A70AAF6D22A8D7F3009ADD6E /* Info.plist */ = {isa = PBXFileReference; lastKnownFileType = text.plist.xml; path = Info.plist; sourceTree = "<group>"; };
		A70AAF7222A8D7F4009ADD6E /* iOS-CalculatorTests.xctest */ = {isa = PBXFileReference; explicitFileType = wrapper.cfbundle; includeInIndex = 0; path = "iOS-CalculatorTests.xctest"; sourceTree = BUILT_PRODUCTS_DIR; };
		A70AAF7622A8D7F4009ADD6E /* iOS_CalculatorTests.swift */ = {isa = PBXFileReference; lastKnownFileType = sourcecode.swift; path = iOS_CalculatorTests.swift; sourceTree = "<group>"; };
		A70AAF7822A8D7F4009ADD6E /* Info.plist */ = {isa = PBXFileReference; lastKnownFileType = text.plist.xml; path = Info.plist; sourceTree = "<group>"; };
/* End PBXFileReference section */

/* Begin PBXFrameworksBuildPhase section */
		A70AAF5B22A8D7F2009ADD6E /* Frameworks */ = {
			isa = PBXFrameworksBuildPhase;
			buildActionMask = 2147483647;
			files = (
			);
			runOnlyForDeploymentPostprocessing = 0;
		};
		A70AAF6F22A8D7F4009ADD6E /* Frameworks */ = {
			isa = PBXFrameworksBuildPhase;
			buildActionMask = 2147483647;
			files = (
			);
			runOnlyForDeploymentPostprocessing = 0;
		};
/* End PBXFrameworksBuildPhase section */

/* Begin PBXGroup section */
		A70AAF5522A8D7F2009ADD6E = {
			isa = PBXGroup;
			children = (
				A70AAF6022A8D7F2009ADD6E /* iOS-Calculator */,
				A70AAF7522A8D7F4009ADD6E /* iOS-CalculatorTests */,
				A70AAF5F22A8D7F2009ADD6E /* Products */,
			);
			sourceTree = "<group>";
		};
		A70AAF5F22A8D7F2009ADD6E /* Products */ = {
			isa = PBXGroup;
			children = (
				A70AAF5E22A8D7F2009ADD6E /* iOS-Calculator.app */,
				A70AAF7222A8D7F4009ADD6E /* iOS-CalculatorTests.xctest */,
			);
			name = Products;
			sourceTree = "<group>";
		};
		A70AAF6022A8D7F2009ADD6E /* iOS-Calculator */ = {
			isa = PBXGroup;
			children = (
				A70AAF6122A8D7F2009ADD6E /* AppDelegate.swift */,
				A70AAF6322A8D7F2009ADD6E /* ViewController.swift */,
				A70AAF6522A8D7F2009ADD6E /* Main.storyboard */,
				A70AAF6822A8D7F3009ADD6E /* Assets.xcassets */,
				A70AAF6A22A8D7F3009ADD6E /* LaunchScreen.storyboard */,
				A70AAF6D22A8D7F3009ADD6E /* Info.plist */,
			);
			path = "iOS-Calculator";
			sourceTree = "<group>";
		};
		A70AAF7522A8D7F4009ADD6E /* iOS-CalculatorTests */ = {
			isa = PBXGroup;
			children = (
				A70AAF7622A8D7F4009ADD6E /* iOS_CalculatorTests.swift */,
				A70AAF7822A8D7F4009ADD6E /* Info.plist */,
			);
			path = "iOS-CalculatorTests";
			sourceTree = "<group>";
		};
/* End PBXGroup section */

/* Begin PBXNativeTarget section */
		A70AAF5D22A8D7F2009ADD6E /* iOS-Calculator */ = {
			isa = PBXNativeTarget;
			buildConfigurationList = A70AAF7B22A8D7F4009ADD6E /* Build configuration list for PBXNativeTarget "iOS-Calculator" */;
			buildPhases = (
				A70AAF5A22A8D7F2009ADD6E /* Sources */,
				A70AAF5B22A8D7F2009ADD6E /* Frameworks */,
				A70AAF5C22A8D7F2009ADD6E /* Resources */,
			);
			buildRules = (
			);
			dependencies = (
			);
			name = "iOS-Calculator";
			productName = "iOS-Calculator";
			productReference = A70AAF5E22A8D7F2009ADD6E /* iOS-Calculator.app */;
			productType = "com.apple.product-type.application";
		};
		A70AAF7122A8D7F4009ADD6E /* iOS-CalculatorTests */ = {
			isa = PBXNativeTarget;
			buildConfigurationList = A70AAF7E22A8D7F4009ADD6E /* Build configuration list for PBXNativeTarget "iOS-CalculatorTests" */;
			buildPhases = (
				A70AAF6E22A8D7F4009ADD6E /* Sources */,
				A70AAF6F22A8D7F4009ADD6E /* Frameworks */,
				A70AAF7022A8D7F4009ADD6E /* Resources */,
			);
			buildRules = (
			);
			dependencies = (
				A70AAF7422A8D7F4009ADD6E /* PBXTargetDependency */,
			);
			name = "iOS-CalculatorTests";
			productName = "iOS-CalculatorTests";
			productReference = A70AAF7222A8D7F4009ADD6E /* iOS-CalculatorTests.xctest */;
			productType = "com.apple.product-type.bundle.unit-test";
		};
/* End PBXNativeTarget section */

/* Begin PBXProject section */
		A70AAF5622A8D7F2009ADD6E /* Project object */ = {
			isa = PBXProject;
			attributes = {
				LastSwiftUpdateCheck = 1020;
				LastUpgradeCheck = 1020;
				ORGANIZATIONNAME = "Ricardo Lopez";
				TargetAttributes = {
					A70AAF5D22A8D7F2009ADD6E = {
						CreatedOnToolsVersion = 10.2.1;
					};
					A70AAF7122A8D7F4009ADD6E = {
						CreatedOnToolsVersion = 10.2.1;
						TestTargetID = A70AAF5D22A8D7F2009ADD6E;
					};
				};
			};
			buildConfigurationList = A70AAF5922A8D7F2009ADD6E /* Build configuration list for PBXProject "iOS-Calculator" */;
			compatibilityVersion = "Xcode 9.3";
			developmentRegion = en;
			hasScannedForEncodings = 0;
			knownRegions = (
				en,
				Base,
			);
			mainGroup = A70AAF5522A8D7F2009ADD6E;
			productRefGroup = A70AAF5F22A8D7F2009ADD6E /* Products */;
			projectDirPath = "";
			projectRoot = "";
			targets = (
				A70AAF5D22A8D7F2009ADD6E /* iOS-Calculator */,
				A70AAF7122A8D7F4009ADD6E /* iOS-CalculatorTests */,
			);
		};
/* End PBXProject section */

/* Begin PBXResourcesBuildPhase section */
		A70AAF5C22A8D7F2009ADD6E /* Resources */ = {
			isa = PBXResourcesBuildPhase;
			buildActionMask = 2147483647;
			files = (
				A70AAF6C22A8D7F3009ADD6E /* LaunchScreen.storyboard in Resources */,
				A70AAF6922A8D7F3009ADD6E /* Assets.xcassets in Resources */,
				A70AAF6722A8D7F2009ADD6E /* Main.storyboard in Resources */,
			);
			runOnlyForDeploymentPostprocessing = 0;
		};
		A70AAF7022A8D7F4009ADD6E /* Resources */ = {
			isa = PBXResourcesBuildPhase;
			buildActionMask = 2147483647;
			files = (
			);
			runOnlyForDeploymentPostprocessing = 0;
		};
/* End PBXResourcesBuildPhase section */

/* Begin PBXSourcesBuildPhase section */
		A70AAF5A22A8D7F2009ADD6E /* Sources */ = {
			isa = PBXSourcesBuildPhase;
			buildActionMask = 2147483647;
			files = (
				A70AAF6422A8D7F2009ADD6E /* ViewController.swift in Sources */,
				A70AAF6222A8D7F2009ADD6E /* AppDelegate.swift in Sources */,
			);
			runOnlyForDeploymentPostprocessing = 0;
		};
		A70AAF6E22A8D7F4009ADD6E /* Sources */ = {
			isa = PBXSourcesBuildPhase;
			buildActionMask = 2147483647;
			files = (
				A70AAF7722A8D7F4009ADD6E /* iOS_CalculatorTests.swift in Sources */,
			);
			runOnlyForDeploymentPostprocessing = 0;
		};
/* End PBXSourcesBuildPhase section */

/* Begin PBXTargetDependency section */
		A70AAF7422A8D7F4009ADD6E /* PBXTargetDependency */ = {
			isa = PBXTargetDependency;
			target = A70AAF5D22A8D7F2009ADD6E /* iOS-Calculator */;
			targetProxy = A70AAF7322A8D7F4009ADD6E /* PBXContainerItemProxy */;
		};
/* End PBXTargetDependency section */

/* Begin PBXVariantGroup section */
		A70AAF6522A8D7F2009ADD6E /* Main.storyboard */ = {
			isa = PBXVariantGroup;
			children = (
				A70AAF6622A8D7F2009ADD6E /* Base */,
			);
			name = Main.storyboard;
			sourceTree = "<group>";
		};
		A70AAF6A22A8D7F3009ADD6E /* LaunchScreen.storyboard */ = {
			isa = PBXVariantGroup;
			children = (
				A70AAF6B22A8D7F3009ADD6E /* Base */,
			);
			name = LaunchScreen.storyboard;
			sourceTree = "<group>";
		};
/* End PBXVariantGroup section */

/* Begin XCBuildConfiguration section */
		A70AAF7922A8D7F4009ADD6E /* Debug */ = {
			isa = XCBuildConfiguration;
			buildSettings = {
				ALWAYS_SEARCH_USER_PATHS = NO;
				CLANG_ANALYZER_NONNULL = YES;
				CLANG_ANALYZER_NUMBER_OBJECT_CONVERSION = YES_AGGRESSIVE;
				CLANG_CXX_LANGUAGE_STANDARD = "gnu++14";
				CLANG_CXX_LIBRARY = "libc++";
				CLANG_ENABLE_MODULES = YES;
				CLANG_ENABLE_OBJC_ARC = YES;
				CLANG_ENABLE_OBJC_WEAK = YES;
				CLANG_WARN_BLOCK_CAPTURE_AUTORELEASING = YES;
				CLANG_WARN_BOOL_CONVERSION = YES;
				CLANG_WARN_COMMA = YES;
				CLANG_WARN_CONSTANT_CONVERSION = YES;
				CLANG_WARN_DEPRECATED_OBJC_IMPLEMENTATIONS = YES;
				CLANG_WARN_DIRECT_OBJC_ISA_USAGE = YES_ERROR;
				CLANG_WARN_DOCUMENTATION_COMMENTS = YES;
				CLANG_WARN_EMPTY_BODY = YES;
				CLANG_WARN_ENUM_CONVERSION = YES;
				CLANG_WARN_INFINITE_RECURSION = YES;
				CLANG_WARN_INT_CONVERSION = YES;
				CLANG_WARN_NON_LITERAL_NULL_CONVERSION = YES;
				CLANG_WARN_OBJC_IMPLICIT_RETAIN_SELF = YES;
				CLANG_WARN_OBJC_LITERAL_CONVERSION = YES;
				CLANG_WARN_OBJC_ROOT_CLASS = YES_ERROR;
				CLANG_WARN_RANGE_LOOP_ANALYSIS = YES;
				CLANG_WARN_STRICT_PROTOTYPES = YES;
				CLANG_WARN_SUSPICIOUS_MOVE = YES;
				CLANG_WARN_UNGUARDED_AVAILABILITY = YES_AGGRESSIVE;
				CLANG_WARN_UNREACHABLE_CODE = YES;
				CLANG_WARN__DUPLICATE_METHOD_MATCH = YES;
				CODE_SIGN_IDENTITY = "iPhone Developer";
				COPY_PHASE_STRIP = NO;
				DEBUG_INFORMATION_FORMAT = dwarf;
				ENABLE_STRICT_OBJC_MSGSEND = YES;
				ENABLE_TESTABILITY = YES;
				GCC_C_LANGUAGE_STANDARD = gnu11;
				GCC_DYNAMIC_NO_PIC = NO;
				GCC_NO_COMMON_BLOCKS = YES;
				GCC_OPTIMIZATION_LEVEL = 0;
				GCC_PREPROCESSOR_DEFINITIONS = (
					"DEBUG=1",
					"$(inherited)",
				);
				GCC_WARN_64_TO_32_BIT_CONVERSION = YES;
				GCC_WARN_ABOUT_RETURN_TYPE = YES_ERROR;
				GCC_WARN_UNDECLARED_SELECTOR = YES;
				GCC_WARN_UNINITIALIZED_AUTOS = YES_AGGRESSIVE;
				GCC_WARN_UNUSED_FUNCTION = YES;
				GCC_WARN_UNUSED_VARIABLE = YES;
				IPHONEOS_DEPLOYMENT_TARGET = 12.2;
				MTL_ENABLE_DEBUG_INFO = INCLUDE_SOURCE;
				MTL_FAST_MATH = YES;
				ONLY_ACTIVE_ARCH = YES;
				SDKROOT = iphoneos;
				SWIFT_ACTIVE_COMPILATION_CONDITIONS = DEBUG;
				SWIFT_OPTIMIZATION_LEVEL = "-Onone";
			};
			name = Debug;
		};
		A70AAF7A22A8D7F4009ADD6E /* Release */ = {
			isa = XCBuildConfiguration;
			buildSettings = {
				ALWAYS_SEARCH_USER_PATHS = NO;
				CLANG_ANALYZER_NONNULL = YES;
				CLANG_ANALYZER_NUMBER_OBJECT_CONVERSION = YES_AGGRESSIVE;
				CLANG_CXX_LANGUAGE_STANDARD = "gnu++14";
				CLANG_CXX_LIBRARY = "libc++";
				CLANG_ENABLE_MODULES = YES;
				CLANG_ENABLE_OBJC_ARC = YES;
				CLANG_ENABLE_OBJC_WEAK = YES;
				CLANG_WARN_BLOCK_CAPTURE_AUTORELEASING = YES;
				CLANG_WARN_BOOL_CONVERSION = YES;
				CLANG_WARN_COMMA = YES;
				CLANG_WARN_CONSTANT_CONVERSION = YES;
				CLANG_WARN_DEPRECATED_OBJC_IMPLEMENTATIONS = YES;
				CLANG_WARN_DIRECT_OBJC_ISA_USAGE = YES_ERROR;
				CLANG_WARN_DOCUMENTATION_COMMENTS = YES;
				CLANG_WARN_EMPTY_BODY = YES;
				CLANG_WARN_ENUM_CONVERSION = YES;
				CLANG_WARN_INFINITE_RECURSION = YES;
				CLANG_WARN_INT_CONVERSION = YES;
				CLANG_WARN_NON_LITERAL_NULL_CONVERSION = YES;
				CLANG_WARN_OBJC_IMPLICIT_RETAIN_SELF = YES;
				CLANG_WARN_OBJC_LITERAL_CONVERSION = YES;
				CLANG_WARN_OBJC_ROOT_CLASS = YES_ERROR;
				CLANG_WARN_RANGE_LOOP_ANALYSIS = YES;
				CLANG_WARN_STRICT_PROTOTYPES = YES;
				CLANG_WARN_SUSPICIOUS_MOVE = YES;
				CLANG_WARN_UNGUARDED_AVAILABILITY = YES_AGGRESSIVE;
				CLANG_WARN_UNREACHABLE_CODE = YES;
				CLANG_WARN__DUPLICATE_METHOD_MATCH = YES;
				CODE_SIGN_IDENTITY = "iPhone Developer";
				COPY_PHASE_STRIP = NO;
				DEBUG_INFORMATION_FORMAT = "dwarf-with-dsym";
				ENABLE_NS_ASSERTIONS = NO;
				ENABLE_STRICT_OBJC_MSGSEND = YES;
				GCC_C_LANGUAGE_STANDARD = gnu11;
				GCC_NO_COMMON_BLOCKS = YES;
				GCC_WARN_64_TO_32_BIT_CONVERSION = YES;
				GCC_WARN_ABOUT_RETURN_TYPE = YES_ERROR;
				GCC_WARN_UNDECLARED_SELECTOR = YES;
				GCC_WARN_UNINITIALIZED_AUTOS = YES_AGGRESSIVE;
				GCC_WARN_UNUSED_FUNCTION = YES;
				GCC_WARN_UNUSED_VARIABLE = YES;
				IPHONEOS_DEPLOYMENT_TARGET = 12.2;
				MTL_ENABLE_DEBUG_INFO = NO;
				MTL_FAST_MATH = YES;
				SDKROOT = iphoneos;
				SWIFT_COMPILATION_MODE = wholemodule;
				SWIFT_OPTIMIZATION_LEVEL = "-O";
				VALIDATE_PRODUCT = YES;
			};
			name = Release;
		};
		A70AAF7C22A8D7F4009ADD6E /* Debug */ = {
			isa = XCBuildConfiguration;
			buildSettings = {
				ASSETCATALOG_COMPILER_APPICON_NAME = AppIcon;
				CODE_SIGN_STYLE = Automatic;
				INFOPLIST_FILE = "iOS-Calculator/Info.plist";
				LD_RUNPATH_SEARCH_PATHS = (
					"$(inherited)",
					"@executable_path/Frameworks",
				);
				PRODUCT_BUNDLE_IDENTIFIER = "ricardolopez.iOS-Calculator";
				PRODUCT_NAME = "$(TARGET_NAME)";
				SWIFT_VERSION = 5.0;
				TARGETED_DEVICE_FAMILY = "1,2";
			};
			name = Debug;
		};
		A70AAF7D22A8D7F4009ADD6E /* Release */ = {
			isa = XCBuildConfiguration;
			buildSettings = {
				ASSETCATALOG_COMPILER_APPICON_NAME = AppIcon;
				CODE_SIGN_STYLE = Automatic;
				INFOPLIST_FILE = "iOS-Calculator/Info.plist";
				LD_RUNPATH_SEARCH_PATHS = (
					"$(inherited)",
					"@executable_path/Frameworks",
				);
				PRODUCT_BUNDLE_IDENTIFIER = "ricardolopez.iOS-Calculator";
				PRODUCT_NAME = "$(TARGET_NAME)";
				SWIFT_VERSION = 5.0;
				TARGETED_DEVICE_FAMILY = "1,2";
			};
			name = Release;
		};
		A70AAF7F22A8D7F4009ADD6E /* Debug */ = {
			isa = XCBuildConfiguration;
			buildSettings = {
				ALWAYS_EMBED_SWIFT_STANDARD_LIBRARIES = YES;
				BUNDLE_LOADER = "$(TEST_HOST)";
				CODE_SIGN_STYLE = Automatic;
				INFOPLIST_FILE = "iOS-CalculatorTests/Info.plist";
				LD_RUNPATH_SEARCH_PATHS = (
					"$(inherited)",
					"@executable_path/Frameworks",
					"@loader_path/Frameworks",
				);
				PRODUCT_BUNDLE_IDENTIFIER = "ricardolopez.iOS-CalculatorTests";
				PRODUCT_NAME = "$(TARGET_NAME)";
				SWIFT_VERSION = 5.0;
				TARGETED_DEVICE_FAMILY = "1,2";
				TEST_HOST = "$(BUILT_PRODUCTS_DIR)/iOS-Calculator.app/iOS-Calculator";
			};
			name = Debug;
		};
		A70AAF8022A8D7F4009ADD6E /* Release */ = {
			isa = XCBuildConfiguration;
			buildSettings = {
				ALWAYS_EMBED_SWIFT_STANDARD_LIBRARIES = YES;
				BUNDLE_LOADER = "$(TEST_HOST)";
				CODE_SIGN_STYLE = Automatic;
				INFOPLIST_FILE = "iOS-CalculatorTests/Info.plist";
				LD_RUNPATH_SEARCH_PATHS = (
					"$(inherited)",
					"@executable_path/Frameworks",
					"@loader_path/Frameworks",
				);
				PRODUCT_BUNDLE_IDENTIFIER = "ricardolopez.iOS-CalculatorTests";
				PRODUCT_NAME = "$(TARGET_NAME)";
				SWIFT_VERSION = 5.0;
				TARGETED_DEVICE_FAMILY = "1,2";
				TEST_HOST = "$(BUILT_PRODUCTS_DIR)/iOS-Calculator.app/iOS-Calculator";
			};
			name = Release;
		};
/* End XCBuildConfiguration section */

/* Begin XCConfigurationList section */
		A70AAF5922A8D7F2009ADD6E /* Build configuration list for PBXProject "iOS-Calculator" */ = {
			isa = XCConfigurationList;
			buildConfigurations = (
				A70AAF7922A8D7F4009ADD6E /* Debug */,
				A70AAF7A22A8D7F4009ADD6E /* Release */,
			);
			defaultConfigurationIsVisible = 0;
			defaultConfigurationName = Release;
		};
		A70AAF7B22A8D7F4009ADD6E /* Build configuration list for PBXNativeTarget "iOS-Calculator" */ = {
			isa = XCConfigurationList;
			buildConfigurations = (
				A70AAF7C22A8D7F4009ADD6E /* Debug */,
				A70AAF7D22A8D7F4009ADD6E /* Release */,
			);
			defaultConfigurationIsVisible = 0;
			defaultConfigurationName = Release;
		};
		A70AAF7E22A8D7F4009ADD6E /* Build configuration list for PBXNativeTarget "iOS-CalculatorTests" */ = {
			isa = XCConfigurationList;
			buildConfigurations = (
				A70AAF7F22A8D7F4009ADD6E /* Debug */,
				A70AAF8022A8D7F4009ADD6E /* Release */,
			);
			defaultConfigurationIsVisible = 0;
			defaultConfigurationName = Release;
		};
/* End XCConfigurationList section */
	};
	rootObject = A70AAF5622A8D7F2009ADD6E /* Project object */;
}
